
Microsoft Visual Studio Solution File, Format Version 12.00
# Visual Studio 15
VisualStudioVersion = 15.0.28307.421
MinimumVisualStudioVersion = 10.0.40219.1
Project("{FAE04EC0-301F-11D3-BF4B-00C04F79EFBC}") = "CursoOnline.DominioTest", "CursoOnline.DominioTest\CursoOnline.DominioTest.csproj", "{9D809ECB-6A34-443C-BF00-FC1D5141BC5C}"
EndProject
Global
	GlobalSection(SolutionConfigurationPlatforms) = preSolution
		Debug|Any CPU = Debug|Any CPU
		Release|Any CPU = Release|Any CPU
	EndGlobalSection
	GlobalSection(ProjectConfigurationPlatforms) = postSolution
		{9D809ECB-6A34-443C-BF00-FC1D5141BC5C}.Debug|Any CPU.ActiveCfg = Debug|Any CPU
		{9D809ECB-6A34-443C-BF00-FC1D5141BC5C}.Debug|Any CPU.Build.0 = Debug|Any CPU
		{9D809ECB-6A34-443C-BF00-FC1D5141BC5C}.Release|Any CPU.ActiveCfg = Release|Any CPU
		{9D809ECB-6A34-443C-BF00-FC1D5141BC5C}.Release|Any CPU.Build.0 = Release|Any CPU
	EndGlobalSection
	GlobalSection(SolutionProperties) = preSolution
		HideSolutionNode = FALSE
	EndGlobalSection
	GlobalSection(ExtensibilityGlobals) = postSolution
		SolutionGuid = {DBCF5077-C63A-454D-BC70-CA9DCE3EF3D3}
	EndGlobalSection
EndGlobal
